
Microsoft Visual Studio Solution File, Format Version 12.00
# Visual Studio Version 16
VisualStudioVersion = 16.0.29613.14
MinimumVisualStudioVersion = 10.0.40219.1
Project("{2150E333-8FDC-42A3-9474-1A3956D46DE8}") = "src", "src", "{8FD1A3F2-40BF-401A-8F6A-D0731A556696}"
EndProject
Project("{2150E333-8FDC-42A3-9474-1A3956D46DE8}") = "core", "core", "{C27350AF-A45D-4C69-9B1A-BDD0FADD28C0}"
EndProject
Project("{2150E333-8FDC-42A3-9474-1A3956D46DE8}") = "presentation", "presentation", "{E91053BC-8500-4063-BADE-D29F5C979CD6}"
EndProject
Project("{2150E333-8FDC-42A3-9474-1A3956D46DE8}") = "infrastructure", "infrastructure", "{0E20312A-BA93-47BB-8A69-3E9482782DE2}"
EndProject
Project("{2150E333-8FDC-42A3-9474-1A3956D46DE8}") = "test", "test", "{DC5E4D4E-9FF0-45C1-80B0-2A0230679D69}"
EndProject
Project("{E53339B2-1760-4266-BCC7-CA923CBCF16C}") = "docker-compose", "docker-compose.dcproj", "{6B24F026-420A-4259-BCE7-198F7E293B41}"
EndProject
Project("{9A19103F-16F7-4668-BE54-9A1E7A4F7556}") = "Lore.Application", "src\Lore.Application\Lore.Application.csproj", "{EC0B46FE-58C2-4E23-9876-10446735D1EF}"
EndProject
Project("{9A19103F-16F7-4668-BE54-9A1E7A4F7556}") = "Lore.Common", "src\Lore.Common\Lore.Common.csproj", "{5B64FAAD-B984-40D9-AA9A-FA6AC3650DCA}"
EndProject
Project("{9A19103F-16F7-4668-BE54-9A1E7A4F7556}") = "Lore.Domain", "src\Lore.Domain\Lore.Domain.csproj", "{3AB37457-16C5-485A-BB75-272077EA07BA}"
EndProject
Project("{9A19103F-16F7-4668-BE54-9A1E7A4F7556}") = "Lore.Infrastructure", "src\Lore.Infrastructure\Lore.Infrastructure.csproj", "{1D8ABD04-B0B6-4BA1-A985-A9127FCCE609}"
EndProject
Project("{9A19103F-16F7-4668-BE54-9A1E7A4F7556}") = "Lore.Persistence", "src\Lore.Persistence\Lore.Persistence.csproj", "{94C56912-9B1C-4DCD-A0E8-88A88D36DA79}"
EndProject
Project("{9A19103F-16F7-4668-BE54-9A1E7A4F7556}") = "Lore.Web", "src\Lore.Web\Lore.Web.csproj", "{AACA3D59-091C-479D-8986-53FEB235A2E4}"
EndProject
Project("{9A19103F-16F7-4668-BE54-9A1E7A4F7556}") = "Lore.Application.UnitTests", "tests\Lore.Application.UnitTests\Lore.Application.UnitTests.csproj", "{BF4172B3-37C5-4F55-8FF0-9C9B49A28CDE}"
EndProject
Project("{9A19103F-16F7-4668-BE54-9A1E7A4F7556}") = "Lore.Domain.UnitTests", "tests\Lore.Domain.UnitTests\Lore.Domain.UnitTests.csproj", "{ED2F86ED-4E2D-4C5E-AD7D-7BA78F8F08A6}"
EndProject
Project("{9A19103F-16F7-4668-BE54-9A1E7A4F7556}") = "Lore.Web.IntegrationTests", "tests\Lore.Web.IntegrationTests\Lore.Web.IntegrationTests.csproj", "{B99D88A9-B4A8-4A64-A338-BE8BA79B721F}"
EndProject
Project("{9A19103F-16F7-4668-BE54-9A1E7A4F7556}") = "Lore.Web.Contracts", "src\Lore.Web.Contracts\Lore.Web.Contracts.csproj", "{6E9CD17B-7A7B-4C7D-9E15-3835670A8864}"
EndProject
Global
	GlobalSection(SolutionConfigurationPlatforms) = preSolution
		Debug|Any CPU = Debug|Any CPU
		Release|Any CPU = Release|Any CPU
	EndGlobalSection
	GlobalSection(ProjectConfigurationPlatforms) = postSolution
		{6B24F026-420A-4259-BCE7-198F7E293B41}.Debug|Any CPU.ActiveCfg = Debug|Any CPU
		{6B24F026-420A-4259-BCE7-198F7E293B41}.Debug|Any CPU.Build.0 = Debug|Any CPU
		{6B24F026-420A-4259-BCE7-198F7E293B41}.Release|Any CPU.ActiveCfg = Release|Any CPU
		{6B24F026-420A-4259-BCE7-198F7E293B41}.Release|Any CPU.Build.0 = Release|Any CPU
		{EC0B46FE-58C2-4E23-9876-10446735D1EF}.Debug|Any CPU.ActiveCfg = Debug|Any CPU
		{EC0B46FE-58C2-4E23-9876-10446735D1EF}.Debug|Any CPU.Build.0 = Debug|Any CPU
		{EC0B46FE-58C2-4E23-9876-10446735D1EF}.Release|Any CPU.ActiveCfg = Release|Any CPU
		{EC0B46FE-58C2-4E23-9876-10446735D1EF}.Release|Any CPU.Build.0 = Release|Any CPU
		{5B64FAAD-B984-40D9-AA9A-FA6AC3650DCA}.Debug|Any CPU.ActiveCfg = Debug|Any CPU
		{5B64FAAD-B984-40D9-AA9A-FA6AC3650DCA}.Debug|Any CPU.Build.0 = Debug|Any CPU
		{5B64FAAD-B984-40D9-AA9A-FA6AC3650DCA}.Release|Any CPU.ActiveCfg = Release|Any CPU
		{5B64FAAD-B984-40D9-AA9A-FA6AC3650DCA}.Release|Any CPU.Build.0 = Release|Any CPU
		{3AB37457-16C5-485A-BB75-272077EA07BA}.Debug|Any CPU.ActiveCfg = Debug|Any CPU
		{3AB37457-16C5-485A-BB75-272077EA07BA}.Debug|Any CPU.Build.0 = Debug|Any CPU
		{3AB37457-16C5-485A-BB75-272077EA07BA}.Release|Any CPU.ActiveCfg = Release|Any CPU
		{3AB37457-16C5-485A-BB75-272077EA07BA}.Release|Any CPU.Build.0 = Release|Any CPU
		{1D8ABD04-B0B6-4BA1-A985-A9127FCCE609}.Debug|Any CPU.ActiveCfg = Debug|Any CPU
		{1D8ABD04-B0B6-4BA1-A985-A9127FCCE609}.Debug|Any CPU.Build.0 = Debug|Any CPU
		{1D8ABD04-B0B6-4BA1-A985-A9127FCCE609}.Release|Any CPU.ActiveCfg = Release|Any CPU
		{1D8ABD04-B0B6-4BA1-A985-A9127FCCE609}.Release|Any CPU.Build.0 = Release|Any CPU
		{94C56912-9B1C-4DCD-A0E8-88A88D36DA79}.Debug|Any CPU.ActiveCfg = Debug|Any CPU
		{94C56912-9B1C-4DCD-A0E8-88A88D36DA79}.Debug|Any CPU.Build.0 = Debug|Any CPU
		{94C56912-9B1C-4DCD-A0E8-88A88D36DA79}.Release|Any CPU.ActiveCfg = Release|Any CPU
		{94C56912-9B1C-4DCD-A0E8-88A88D36DA79}.Release|Any CPU.Build.0 = Release|Any CPU
		{AACA3D59-091C-479D-8986-53FEB235A2E4}.Debug|Any CPU.ActiveCfg = Debug|Any CPU
		{AACA3D59-091C-479D-8986-53FEB235A2E4}.Debug|Any CPU.Build.0 = Debug|Any CPU
		{AACA3D59-091C-479D-8986-53FEB235A2E4}.Release|Any CPU.ActiveCfg = Release|Any CPU
		{AACA3D59-091C-479D-8986-53FEB235A2E4}.Release|Any CPU.Build.0 = Release|Any CPU
		{BF4172B3-37C5-4F55-8FF0-9C9B49A28CDE}.Debug|Any CPU.ActiveCfg = Debug|Any CPU
		{BF4172B3-37C5-4F55-8FF0-9C9B49A28CDE}.Debug|Any CPU.Build.0 = Debug|Any CPU
		{BF4172B3-37C5-4F55-8FF0-9C9B49A28CDE}.Release|Any CPU.ActiveCfg = Release|Any CPU
		{BF4172B3-37C5-4F55-8FF0-9C9B49A28CDE}.Release|Any CPU.Build.0 = Release|Any CPU
		{ED2F86ED-4E2D-4C5E-AD7D-7BA78F8F08A6}.Debug|Any CPU.ActiveCfg = Debug|Any CPU
		{ED2F86ED-4E2D-4C5E-AD7D-7BA78F8F08A6}.Debug|Any CPU.Build.0 = Debug|Any CPU
		{ED2F86ED-4E2D-4C5E-AD7D-7BA78F8F08A6}.Release|Any CPU.ActiveCfg = Release|Any CPU
		{ED2F86ED-4E2D-4C5E-AD7D-7BA78F8F08A6}.Release|Any CPU.Build.0 = Release|Any CPU
		{B99D88A9-B4A8-4A64-A338-BE8BA79B721F}.Debug|Any CPU.ActiveCfg = Debug|Any CPU
		{B99D88A9-B4A8-4A64-A338-BE8BA79B721F}.Debug|Any CPU.Build.0 = Debug|Any CPU
		{B99D88A9-B4A8-4A64-A338-BE8BA79B721F}.Release|Any CPU.ActiveCfg = Release|Any CPU
		{B99D88A9-B4A8-4A64-A338-BE8BA79B721F}.Release|Any CPU.Build.0 = Release|Any CPU
		{6E9CD17B-7A7B-4C7D-9E15-3835670A8864}.Debug|Any CPU.ActiveCfg = Debug|Any CPU
		{6E9CD17B-7A7B-4C7D-9E15-3835670A8864}.Debug|Any CPU.Build.0 = Debug|Any CPU
		{6E9CD17B-7A7B-4C7D-9E15-3835670A8864}.Release|Any CPU.ActiveCfg = Release|Any CPU
		{6E9CD17B-7A7B-4C7D-9E15-3835670A8864}.Release|Any CPU.Build.0 = Release|Any CPU
	EndGlobalSection
	GlobalSection(SolutionProperties) = preSolution
		HideSolutionNode = FALSE
	EndGlobalSection
	GlobalSection(NestedProjects) = preSolution
		{C27350AF-A45D-4C69-9B1A-BDD0FADD28C0} = {8FD1A3F2-40BF-401A-8F6A-D0731A556696}
		{E91053BC-8500-4063-BADE-D29F5C979CD6} = {8FD1A3F2-40BF-401A-8F6A-D0731A556696}
		{0E20312A-BA93-47BB-8A69-3E9482782DE2} = {8FD1A3F2-40BF-401A-8F6A-D0731A556696}
		{EC0B46FE-58C2-4E23-9876-10446735D1EF} = {C27350AF-A45D-4C69-9B1A-BDD0FADD28C0}
		{5B64FAAD-B984-40D9-AA9A-FA6AC3650DCA} = {C27350AF-A45D-4C69-9B1A-BDD0FADD28C0}
		{3AB37457-16C5-485A-BB75-272077EA07BA} = {C27350AF-A45D-4C69-9B1A-BDD0FADD28C0}
		{1D8ABD04-B0B6-4BA1-A985-A9127FCCE609} = {0E20312A-BA93-47BB-8A69-3E9482782DE2}
		{94C56912-9B1C-4DCD-A0E8-88A88D36DA79} = {0E20312A-BA93-47BB-8A69-3E9482782DE2}
		{AACA3D59-091C-479D-8986-53FEB235A2E4} = {E91053BC-8500-4063-BADE-D29F5C979CD6}
		{BF4172B3-37C5-4F55-8FF0-9C9B49A28CDE} = {DC5E4D4E-9FF0-45C1-80B0-2A0230679D69}
		{ED2F86ED-4E2D-4C5E-AD7D-7BA78F8F08A6} = {DC5E4D4E-9FF0-45C1-80B0-2A0230679D69}
		{B99D88A9-B4A8-4A64-A338-BE8BA79B721F} = {DC5E4D4E-9FF0-45C1-80B0-2A0230679D69}
		{6E9CD17B-7A7B-4C7D-9E15-3835670A8864} = {E91053BC-8500-4063-BADE-D29F5C979CD6}
	EndGlobalSection
	GlobalSection(ExtensibilityGlobals) = postSolution
		SolutionGuid = {DF168825-1A60-4B75-8D07-6F24930D0E0F}
	EndGlobalSection
EndGlobal
